// !$*UTF8*$!
{
	archiveVersion = 1;
	classes = {
	};
	objectVersion = 48;
	objects = {

/* Begin PBXBuildFile section */
		0AD7784F202A6A7200F5CC54 /* AppDelegate.swift in Sources */ = {isa = PBXBuildFile; fileRef = 0AD7784E202A6A7200F5CC54 /* AppDelegate.swift */; };
		0AD77851202A6A7200F5CC54 /* ViewController.swift in Sources */ = {isa = PBXBuildFile; fileRef = 0AD77850202A6A7200F5CC54 /* ViewController.swift */; };
		0AD77854202A6A7200F5CC54 /* Main.storyboard in Resources */ = {isa = PBXBuildFile; fileRef = 0AD77852202A6A7200F5CC54 /* Main.storyboard */; };
		0AD77856202A6A7200F5CC54 /* Assets.xcassets in Resources */ = {isa = PBXBuildFile; fileRef = 0AD77855202A6A7200F5CC54 /* Assets.xcassets */; };
		0AD77859202A6A7200F5CC54 /* LaunchScreen.storyboard in Resources */ = {isa = PBXBuildFile; fileRef = 0AD77857202A6A7200F5CC54 /* LaunchScreen.storyboard */; };
		0AD77864202A6A7200F5CC54 /* FeedbackanatorTests.swift in Sources */ = {isa = PBXBuildFile; fileRef = 0AD77863202A6A7200F5CC54 /* FeedbackanatorTests.swift */; };
		0AD7786F202A6A7300F5CC54 /* FeedbackanatorUITests.swift in Sources */ = {isa = PBXBuildFile; fileRef = 0AD7786E202A6A7300F5CC54 /* FeedbackanatorUITests.swift */; };
		0AD7787D202A6B7200F5CC54 /* initialState.json in Resources */ = {isa = PBXBuildFile; fileRef = 0AD7787C202A6B7200F5CC54 /* initialState.json */; };
		0AD77883202A6BF500F5CC54 /* DataStructures.swift in Sources */ = {isa = PBXBuildFile; fileRef = 0AD77882202A6BF500F5CC54 /* DataStructures.swift */; };
		0AD77885202A736C00F5CC54 /* FormatterCache.swift in Sources */ = {isa = PBXBuildFile; fileRef = 0AD77884202A736C00F5CC54 /* FormatterCache.swift */; };
		0AD77887202A75B100F5CC54 /* FeedbackManager.swift in Sources */ = {isa = PBXBuildFile; fileRef = 0AD77886202A75B100F5CC54 /* FeedbackManager.swift */; };
		0AD77889202A772A00F5CC54 /* Constants.swift in Sources */ = {isa = PBXBuildFile; fileRef = 0AD77888202A772A00F5CC54 /* Constants.swift */; };
/* End PBXBuildFile section */

/* Begin PBXContainerItemProxy section */
		0AD77860202A6A7200F5CC54 /* PBXContainerItemProxy */ = {
			isa = PBXContainerItemProxy;
			containerPortal = 0AD77843202A6A7200F5CC54 /* Project object */;
			proxyType = 1;
			remoteGlobalIDString = 0AD7784A202A6A7200F5CC54;
			remoteInfo = Feedbackanator;
		};
		0AD7786B202A6A7300F5CC54 /* PBXContainerItemProxy */ = {
			isa = PBXContainerItemProxy;
			containerPortal = 0AD77843202A6A7200F5CC54 /* Project object */;
			proxyType = 1;
			remoteGlobalIDString = 0AD7784A202A6A7200F5CC54;
			remoteInfo = Feedbackanator;
		};
/* End PBXContainerItemProxy section */

/* Begin PBXFileReference section */
		0AD7784B202A6A7200F5CC54 /* Feedbackanator.app */ = {isa = PBXFileReference; explicitFileType = wrapper.application; includeInIndex = 0; path = Feedbackanator.app; sourceTree = BUILT_PRODUCTS_DIR; };
		0AD7784E202A6A7200F5CC54 /* AppDelegate.swift */ = {isa = PBXFileReference; lastKnownFileType = sourcecode.swift; path = AppDelegate.swift; sourceTree = "<group>"; };
		0AD77850202A6A7200F5CC54 /* ViewController.swift */ = {isa = PBXFileReference; lastKnownFileType = sourcecode.swift; path = ViewController.swift; sourceTree = "<group>"; };
		0AD77853202A6A7200F5CC54 /* Base */ = {isa = PBXFileReference; lastKnownFileType = file.storyboard; name = Base; path = Base.lproj/Main.storyboard; sourceTree = "<group>"; };
		0AD77855202A6A7200F5CC54 /* Assets.xcassets */ = {isa = PBXFileReference; lastKnownFileType = folder.assetcatalog; path = Assets.xcassets; sourceTree = "<group>"; };
		0AD77858202A6A7200F5CC54 /* Base */ = {isa = PBXFileReference; lastKnownFileType = file.storyboard; name = Base; path = Base.lproj/LaunchScreen.storyboard; sourceTree = "<group>"; };
		0AD7785A202A6A7200F5CC54 /* Info.plist */ = {isa = PBXFileReference; lastKnownFileType = text.plist.xml; path = Info.plist; sourceTree = "<group>"; };
		0AD7785F202A6A7200F5CC54 /* FeedbackanatorTests.xctest */ = {isa = PBXFileReference; explicitFileType = wrapper.cfbundle; includeInIndex = 0; path = FeedbackanatorTests.xctest; sourceTree = BUILT_PRODUCTS_DIR; };
		0AD77863202A6A7200F5CC54 /* FeedbackanatorTests.swift */ = {isa = PBXFileReference; lastKnownFileType = sourcecode.swift; path = FeedbackanatorTests.swift; sourceTree = "<group>"; };
		0AD77865202A6A7300F5CC54 /* Info.plist */ = {isa = PBXFileReference; lastKnownFileType = text.plist.xml; path = Info.plist; sourceTree = "<group>"; };
		0AD7786A202A6A7300F5CC54 /* FeedbackanatorUITests.xctest */ = {isa = PBXFileReference; explicitFileType = wrapper.cfbundle; includeInIndex = 0; path = FeedbackanatorUITests.xctest; sourceTree = BUILT_PRODUCTS_DIR; };
		0AD7786E202A6A7300F5CC54 /* FeedbackanatorUITests.swift */ = {isa = PBXFileReference; lastKnownFileType = sourcecode.swift; path = FeedbackanatorUITests.swift; sourceTree = "<group>"; };
		0AD77870202A6A7300F5CC54 /* Info.plist */ = {isa = PBXFileReference; lastKnownFileType = text.plist.xml; path = Info.plist; sourceTree = "<group>"; };
		0AD7787C202A6B7200F5CC54 /* initialState.json */ = {isa = PBXFileReference; fileEncoding = 4; lastKnownFileType = text.json; path = initialState.json; sourceTree = "<group>"; };
		0AD77882202A6BF500F5CC54 /* DataStructures.swift */ = {isa = PBXFileReference; lastKnownFileType = sourcecode.swift; path = DataStructures.swift; sourceTree = "<group>"; };
		0AD77884202A736C00F5CC54 /* FormatterCache.swift */ = {isa = PBXFileReference; lastKnownFileType = sourcecode.swift; path = FormatterCache.swift; sourceTree = "<group>"; };
		0AD77886202A75B100F5CC54 /* FeedbackManager.swift */ = {isa = PBXFileReference; lastKnownFileType = sourcecode.swift; path = FeedbackManager.swift; sourceTree = "<group>"; };
		0AD77888202A772A00F5CC54 /* Constants.swift */ = {isa = PBXFileReference; lastKnownFileType = sourcecode.swift; path = Constants.swift; sourceTree = "<group>"; };
/* End PBXFileReference section */

/* Begin PBXFrameworksBuildPhase section */
		0AD77848202A6A7200F5CC54 /* Frameworks */ = {
			isa = PBXFrameworksBuildPhase;
			buildActionMask = 2147483647;
			files = (
			);
			runOnlyForDeploymentPostprocessing = 0;
		};
		0AD7785C202A6A7200F5CC54 /* Frameworks */ = {
			isa = PBXFrameworksBuildPhase;
			buildActionMask = 2147483647;
			files = (
			);
			runOnlyForDeploymentPostprocessing = 0;
		};
		0AD77867202A6A7300F5CC54 /* Frameworks */ = {
			isa = PBXFrameworksBuildPhase;
			buildActionMask = 2147483647;
			files = (
			);
			runOnlyForDeploymentPostprocessing = 0;
		};
/* End PBXFrameworksBuildPhase section */

/* Begin PBXGroup section */
		0AD77842202A6A7200F5CC54 = {
			isa = PBXGroup;
			children = (
				0AD7784D202A6A7200F5CC54 /* Feedbackanator */,
				0AD77862202A6A7200F5CC54 /* FeedbackanatorTests */,
				0AD7786D202A6A7300F5CC54 /* FeedbackanatorUITests */,
				0AD7784C202A6A7200F5CC54 /* Products */,
			);
			sourceTree = "<group>";
		};
		0AD7784C202A6A7200F5CC54 /* Products */ = {
			isa = PBXGroup;
			children = (
				0AD7784B202A6A7200F5CC54 /* Feedbackanator.app */,
				0AD7785F202A6A7200F5CC54 /* FeedbackanatorTests.xctest */,
				0AD7786A202A6A7300F5CC54 /* FeedbackanatorUITests.xctest */,
			);
			name = Products;
			sourceTree = "<group>";
		};
		0AD7784D202A6A7200F5CC54 /* Feedbackanator */ = {
			isa = PBXGroup;
			children = (
				0AD7787F202A6B8200F5CC54 /* Assets */,
				0AD77880202A6B9000F5CC54 /* Source */,
				0AD77881202A6B9600F5CC54 /* Storyboards */,
				0AD7785A202A6A7200F5CC54 /* Info.plist */,
			);
			path = Feedbackanator;
			sourceTree = "<group>";
		};
		0AD77862202A6A7200F5CC54 /* FeedbackanatorTests */ = {
			isa = PBXGroup;
			children = (
				0AD77863202A6A7200F5CC54 /* FeedbackanatorTests.swift */,
				0AD77865202A6A7300F5CC54 /* Info.plist */,
			);
			path = FeedbackanatorTests;
			sourceTree = "<group>";
		};
		0AD7786D202A6A7300F5CC54 /* FeedbackanatorUITests */ = {
			isa = PBXGroup;
			children = (
				0AD7786E202A6A7300F5CC54 /* FeedbackanatorUITests.swift */,
				0AD77870202A6A7300F5CC54 /* Info.plist */,
			);
			path = FeedbackanatorUITests;
			sourceTree = "<group>";
		};
		0AD7787F202A6B8200F5CC54 /* Assets */ = {
			isa = PBXGroup;
			children = (
				0AD7787C202A6B7200F5CC54 /* initialState.json */,
				0AD77855202A6A7200F5CC54 /* Assets.xcassets */,
			);
			path = Assets;
			sourceTree = "<group>";
		};
		0AD77880202A6B9000F5CC54 /* Source */ = {
			isa = PBXGroup;
			children = (
				0AD7784E202A6A7200F5CC54 /* AppDelegate.swift */,
				0AD77850202A6A7200F5CC54 /* ViewController.swift */,
				0AD77882202A6BF500F5CC54 /* DataStructures.swift */,
				0AD77884202A736C00F5CC54 /* FormatterCache.swift */,
				0AD77886202A75B100F5CC54 /* FeedbackManager.swift */,
				0AD77888202A772A00F5CC54 /* Constants.swift */,
			);
			path = Source;
			sourceTree = "<group>";
		};
		0AD77881202A6B9600F5CC54 /* Storyboards */ = {
			isa = PBXGroup;
			children = (
				0AD77852202A6A7200F5CC54 /* Main.storyboard */,
				0AD77857202A6A7200F5CC54 /* LaunchScreen.storyboard */,
			);
			path = Storyboards;
			sourceTree = "<group>";
		};
/* End PBXGroup section */

/* Begin PBXNativeTarget section */
		0AD7784A202A6A7200F5CC54 /* Feedbackanator */ = {
			isa = PBXNativeTarget;
			buildConfigurationList = 0AD77873202A6A7300F5CC54 /* Build configuration list for PBXNativeTarget "Feedbackanator" */;
			buildPhases = (
				0AD77847202A6A7200F5CC54 /* Sources */,
				0AD77848202A6A7200F5CC54 /* Frameworks */,
				0AD77849202A6A7200F5CC54 /* Resources */,
			);
			buildRules = (
			);
			dependencies = (
			);
			name = Feedbackanator;
			productName = Feedbackanator;
			productReference = 0AD7784B202A6A7200F5CC54 /* Feedbackanator.app */;
			productType = "com.apple.product-type.application";
		};
		0AD7785E202A6A7200F5CC54 /* FeedbackanatorTests */ = {
			isa = PBXNativeTarget;
			buildConfigurationList = 0AD77876202A6A7300F5CC54 /* Build configuration list for PBXNativeTarget "FeedbackanatorTests" */;
			buildPhases = (
				0AD7785B202A6A7200F5CC54 /* Sources */,
				0AD7785C202A6A7200F5CC54 /* Frameworks */,
				0AD7785D202A6A7200F5CC54 /* Resources */,
			);
			buildRules = (
			);
			dependencies = (
				0AD77861202A6A7200F5CC54 /* PBXTargetDependency */,
			);
			name = FeedbackanatorTests;
			productName = FeedbackanatorTests;
			productReference = 0AD7785F202A6A7200F5CC54 /* FeedbackanatorTests.xctest */;
			productType = "com.apple.product-type.bundle.unit-test";
		};
		0AD77869202A6A7300F5CC54 /* FeedbackanatorUITests */ = {
			isa = PBXNativeTarget;
			buildConfigurationList = 0AD77879202A6A7300F5CC54 /* Build configuration list for PBXNativeTarget "FeedbackanatorUITests" */;
			buildPhases = (
				0AD77866202A6A7300F5CC54 /* Sources */,
				0AD77867202A6A7300F5CC54 /* Frameworks */,
				0AD77868202A6A7300F5CC54 /* Resources */,
			);
			buildRules = (
			);
			dependencies = (
				0AD7786C202A6A7300F5CC54 /* PBXTargetDependency */,
			);
			name = FeedbackanatorUITests;
			productName = FeedbackanatorUITests;
			productReference = 0AD7786A202A6A7300F5CC54 /* FeedbackanatorUITests.xctest */;
			productType = "com.apple.product-type.bundle.ui-testing";
		};
/* End PBXNativeTarget section */

/* Begin PBXProject section */
		0AD77843202A6A7200F5CC54 /* Project object */ = {
			isa = PBXProject;
			attributes = {
				LastSwiftUpdateCheck = 0920;
				LastUpgradeCheck = 0920;
				ORGANIZATIONNAME = SideApps;
				TargetAttributes = {
					0AD7784A202A6A7200F5CC54 = {
						CreatedOnToolsVersion = 9.2;
						ProvisioningStyle = Automatic;
					};
					0AD7785E202A6A7200F5CC54 = {
						CreatedOnToolsVersion = 9.2;
						ProvisioningStyle = Automatic;
						TestTargetID = 0AD7784A202A6A7200F5CC54;
					};
					0AD77869202A6A7300F5CC54 = {
						CreatedOnToolsVersion = 9.2;
						ProvisioningStyle = Automatic;
						TestTargetID = 0AD7784A202A6A7200F5CC54;
					};
				};
			};
			buildConfigurationList = 0AD77846202A6A7200F5CC54 /* Build configuration list for PBXProject "Feedbackanator" */;
			compatibilityVersion = "Xcode 8.0";
			developmentRegion = en;
			hasScannedForEncodings = 0;
			knownRegions = (
				en,
				Base,
			);
			mainGroup = 0AD77842202A6A7200F5CC54;
			productRefGroup = 0AD7784C202A6A7200F5CC54 /* Products */;
			projectDirPath = "";
			projectRoot = "";
			targets = (
				0AD7784A202A6A7200F5CC54 /* Feedbackanator */,
				0AD7785E202A6A7200F5CC54 /* FeedbackanatorTests */,
				0AD77869202A6A7300F5CC54 /* FeedbackanatorUITests */,
			);
		};
/* End PBXProject section */

/* Begin PBXResourcesBuildPhase section */
		0AD77849202A6A7200F5CC54 /* Resources */ = {
			isa = PBXResourcesBuildPhase;
			buildActionMask = 2147483647;
			files = (
				0AD7787D202A6B7200F5CC54 /* initialState.json in Resources */,
				0AD77859202A6A7200F5CC54 /* LaunchScreen.storyboard in Resources */,
				0AD77856202A6A7200F5CC54 /* Assets.xcassets in Resources */,
				0AD77854202A6A7200F5CC54 /* Main.storyboard in Resources */,
			);
			runOnlyForDeploymentPostprocessing = 0;
		};
		0AD7785D202A6A7200F5CC54 /* Resources */ = {
			isa = PBXResourcesBuildPhase;
			buildActionMask = 2147483647;
			files = (
			);
			runOnlyForDeploymentPostprocessing = 0;
		};
		0AD77868202A6A7300F5CC54 /* Resources */ = {
			isa = PBXResourcesBuildPhase;
			buildActionMask = 2147483647;
			files = (
			);
			runOnlyForDeploymentPostprocessing = 0;
		};
/* End PBXResourcesBuildPhase section */

/* Begin PBXSourcesBuildPhase section */
		0AD77847202A6A7200F5CC54 /* Sources */ = {
			isa = PBXSourcesBuildPhase;
			buildActionMask = 2147483647;
			files = (
				0AD77883202A6BF500F5CC54 /* DataStructures.swift in Sources */,
				0AD77851202A6A7200F5CC54 /* ViewController.swift in Sources */,
				0AD77887202A75B100F5CC54 /* FeedbackManager.swift in Sources */,
				0AD7784F202A6A7200F5CC54 /* AppDelegate.swift in Sources */,
				0AD77885202A736C00F5CC54 /* FormatterCache.swift in Sources */,
				0AD77889202A772A00F5CC54 /* Constants.swift in Sources */,
			);
			runOnlyForDeploymentPostprocessing = 0;
		};
		0AD7785B202A6A7200F5CC54 /* Sources */ = {
			isa = PBXSourcesBuildPhase;
			buildActionMask = 2147483647;
			files = (
				0AD77864202A6A7200F5CC54 /* FeedbackanatorTests.swift in Sources */,
			);
			runOnlyForDeploymentPostprocessing = 0;
		};
		0AD77866202A6A7300F5CC54 /* Sources */ = {
			isa = PBXSourcesBuildPhase;
			buildActionMask = 2147483647;
			files = (
				0AD7786F202A6A7300F5CC54 /* FeedbackanatorUITests.swift in Sources */,
			);
			runOnlyForDeploymentPostprocessing = 0;
		};
/* End PBXSourcesBuildPhase section */

/* Begin PBXTargetDependency section */
		0AD77861202A6A7200F5CC54 /* PBXTargetDependency */ = {
			isa = PBXTargetDependency;
			target = 0AD7784A202A6A7200F5CC54 /* Feedbackanator */;
			targetProxy = 0AD77860202A6A7200F5CC54 /* PBXContainerItemProxy */;
		};
		0AD7786C202A6A7300F5CC54 /* PBXTargetDependency */ = {
			isa = PBXTargetDependency;
			target = 0AD7784A202A6A7200F5CC54 /* Feedbackanator */;
			targetProxy = 0AD7786B202A6A7300F5CC54 /* PBXContainerItemProxy */;
		};
/* End PBXTargetDependency section */

/* Begin PBXVariantGroup section */
		0AD77852202A6A7200F5CC54 /* Main.storyboard */ = {
			isa = PBXVariantGroup;
			children = (
				0AD77853202A6A7200F5CC54 /* Base */,
			);
			name = Main.storyboard;
			sourceTree = "<group>";
		};
		0AD77857202A6A7200F5CC54 /* LaunchScreen.storyboard */ = {
			isa = PBXVariantGroup;
			children = (
				0AD77858202A6A7200F5CC54 /* Base */,
			);
			name = LaunchScreen.storyboard;
			sourceTree = "<group>";
		};
/* End PBXVariantGroup section */

/* Begin XCBuildConfiguration section */
		0AD77871202A6A7300F5CC54 /* Debug */ = {
			isa = XCBuildConfiguration;
			buildSettings = {
				ALWAYS_SEARCH_USER_PATHS = NO;
				CLANG_ANALYZER_NONNULL = YES;
				CLANG_ANALYZER_NUMBER_OBJECT_CONVERSION = YES_AGGRESSIVE;
				CLANG_CXX_LANGUAGE_STANDARD = "gnu++14";
				CLANG_CXX_LIBRARY = "libc++";
				CLANG_ENABLE_MODULES = YES;
				CLANG_ENABLE_OBJC_ARC = YES;
				CLANG_WARN_BLOCK_CAPTURE_AUTORELEASING = YES;
				CLANG_WARN_BOOL_CONVERSION = YES;
				CLANG_WARN_COMMA = YES;
				CLANG_WARN_CONSTANT_CONVERSION = YES;
				CLANG_WARN_DIRECT_OBJC_ISA_USAGE = YES_ERROR;
				CLANG_WARN_DOCUMENTATION_COMMENTS = YES;
				CLANG_WARN_EMPTY_BODY = YES;
				CLANG_WARN_ENUM_CONVERSION = YES;
				CLANG_WARN_INFINITE_RECURSION = YES;
				CLANG_WARN_INT_CONVERSION = YES;
				CLANG_WARN_NON_LITERAL_NULL_CONVERSION = YES;
				CLANG_WARN_OBJC_LITERAL_CONVERSION = YES;
				CLANG_WARN_OBJC_ROOT_CLASS = YES_ERROR;
				CLANG_WARN_RANGE_LOOP_ANALYSIS = YES;
				CLANG_WARN_STRICT_PROTOTYPES = YES;
				CLANG_WARN_SUSPICIOUS_MOVE = YES;
				CLANG_WARN_UNGUARDED_AVAILABILITY = YES_AGGRESSIVE;
				CLANG_WARN_UNREACHABLE_CODE = YES;
				CLANG_WARN__DUPLICATE_METHOD_MATCH = YES;
				CODE_SIGN_IDENTITY = "iPhone Developer";
				COPY_PHASE_STRIP = NO;
				DEBUG_INFORMATION_FORMAT = dwarf;
				ENABLE_STRICT_OBJC_MSGSEND = YES;
				ENABLE_TESTABILITY = YES;
				GCC_C_LANGUAGE_STANDARD = gnu11;
				GCC_DYNAMIC_NO_PIC = NO;
				GCC_NO_COMMON_BLOCKS = YES;
				GCC_OPTIMIZATION_LEVEL = 0;
				GCC_PREPROCESSOR_DEFINITIONS = (
					"DEBUG=1",
					"$(inherited)",
				);
				GCC_WARN_64_TO_32_BIT_CONVERSION = YES;
				GCC_WARN_ABOUT_RETURN_TYPE = YES_ERROR;
				GCC_WARN_UNDECLARED_SELECTOR = YES;
				GCC_WARN_UNINITIALIZED_AUTOS = YES_AGGRESSIVE;
				GCC_WARN_UNUSED_FUNCTION = YES;
				GCC_WARN_UNUSED_VARIABLE = YES;
				IPHONEOS_DEPLOYMENT_TARGET = 11.2;
				MTL_ENABLE_DEBUG_INFO = YES;
				ONLY_ACTIVE_ARCH = YES;
				SDKROOT = iphoneos;
				SWIFT_ACTIVE_COMPILATION_CONDITIONS = DEBUG;
				SWIFT_OPTIMIZATION_LEVEL = "-Onone";
			};
			name = Debug;
		};
		0AD77872202A6A7300F5CC54 /* Release */ = {
			isa = XCBuildConfiguration;
			buildSettings = {
				ALWAYS_SEARCH_USER_PATHS = NO;
				CLANG_ANALYZER_NONNULL = YES;
				CLANG_ANALYZER_NUMBER_OBJECT_CONVERSION = YES_AGGRESSIVE;
				CLANG_CXX_LANGUAGE_STANDARD = "gnu++14";
				CLANG_CXX_LIBRARY = "libc++";
				CLANG_ENABLE_MODULES = YES;
				CLANG_ENABLE_OBJC_ARC = YES;
				CLANG_WARN_BLOCK_CAPTURE_AUTORELEASING = YES;
				CLANG_WARN_BOOL_CONVERSION = YES;
				CLANG_WARN_COMMA = YES;
				CLANG_WARN_CONSTANT_CONVERSION = YES;
				CLANG_WARN_DIRECT_OBJC_ISA_USAGE = YES_ERROR;
				CLANG_WARN_DOCUMENTATION_COMMENTS = YES;
				CLANG_WARN_EMPTY_BODY = YES;
				CLANG_WARN_ENUM_CONVERSION = YES;
				CLANG_WARN_INFINITE_RECURSION = YES;
				CLANG_WARN_INT_CONVERSION = YES;
				CLANG_WARN_NON_LITERAL_NULL_CONVERSION = YES;
				CLANG_WARN_OBJC_LITERAL_CONVERSION = YES;
				CLANG_WARN_OBJC_ROOT_CLASS = YES_ERROR;
				CLANG_WARN_RANGE_LOOP_ANALYSIS = YES;
				CLANG_WARN_STRICT_PROTOTYPES = YES;
				CLANG_WARN_SUSPICIOUS_MOVE = YES;
				CLANG_WARN_UNGUARDED_AVAILABILITY = YES_AGGRESSIVE;
				CLANG_WARN_UNREACHABLE_CODE = YES;
				CLANG_WARN__DUPLICATE_METHOD_MATCH = YES;
				CODE_SIGN_IDENTITY = "iPhone Developer";
				COPY_PHASE_STRIP = NO;
				DEBUG_INFORMATION_FORMAT = "dwarf-with-dsym";
				ENABLE_NS_ASSERTIONS = NO;
				ENABLE_STRICT_OBJC_MSGSEND = YES;
				GCC_C_LANGUAGE_STANDARD = gnu11;
				GCC_NO_COMMON_BLOCKS = YES;
				GCC_WARN_64_TO_32_BIT_CONVERSION = YES;
				GCC_WARN_ABOUT_RETURN_TYPE = YES_ERROR;
				GCC_WARN_UNDECLARED_SELECTOR = YES;
				GCC_WARN_UNINITIALIZED_AUTOS = YES_AGGRESSIVE;
				GCC_WARN_UNUSED_FUNCTION = YES;
				GCC_WARN_UNUSED_VARIABLE = YES;
				IPHONEOS_DEPLOYMENT_TARGET = 11.2;
				MTL_ENABLE_DEBUG_INFO = NO;
				SDKROOT = iphoneos;
				SWIFT_OPTIMIZATION_LEVEL = "-Owholemodule";
				VALIDATE_PRODUCT = YES;
			};
			name = Release;
		};
		0AD77874202A6A7300F5CC54 /* Debug */ = {
			isa = XCBuildConfiguration;
			buildSettings = {
				ASSETCATALOG_COMPILER_APPICON_NAME = AppIcon;
				CODE_SIGN_STYLE = Automatic;
				DEVELOPMENT_TEAM = S7BT87895F;
				INFOPLIST_FILE = Feedbackanator/Info.plist;
				LD_RUNPATH_SEARCH_PATHS = "$(inherited) @executable_path/Frameworks";
				PRODUCT_BUNDLE_IDENTIFIER = com.sideapps.Feedbackanator;
				PRODUCT_NAME = "$(TARGET_NAME)";
				SWIFT_VERSION = 4.0;
				TARGETED_DEVICE_FAMILY = "1,2";
			};
			name = Debug;
		};
		0AD77875202A6A7300F5CC54 /* Release */ = {
			isa = XCBuildConfiguration;
			buildSettings = {
				ASSETCATALOG_COMPILER_APPICON_NAME = AppIcon;
				CODE_SIGN_STYLE = Automatic;
				DEVELOPMENT_TEAM = S7BT87895F;
				INFOPLIST_FILE = Feedbackanator/Info.plist;
				LD_RUNPATH_SEARCH_PATHS = "$(inherited) @executable_path/Frameworks";
				PRODUCT_BUNDLE_IDENTIFIER = com.sideapps.Feedbackanator;
				PRODUCT_NAME = "$(TARGET_NAME)";
				SWIFT_VERSION = 4.0;
				TARGETED_DEVICE_FAMILY = "1,2";
			};
			name = Release;
		};
		0AD77877202A6A7300F5CC54 /* Debug */ = {
			isa = XCBuildConfiguration;
			buildSettings = {
				ALWAYS_EMBED_SWIFT_STANDARD_LIBRARIES = YES;
				BUNDLE_LOADER = "$(TEST_HOST)";
				CODE_SIGN_STYLE = Automatic;
				DEVELOPMENT_TEAM = S7BT87895F;
				INFOPLIST_FILE = FeedbackanatorTests/Info.plist;
				LD_RUNPATH_SEARCH_PATHS = "$(inherited) @executable_path/Frameworks @loader_path/Frameworks";
				PRODUCT_BUNDLE_IDENTIFIER = com.sideapps.FeedbackanatorTests;
				PRODUCT_NAME = "$(TARGET_NAME)";
				SWIFT_VERSION = 4.0;
				TARGETED_DEVICE_FAMILY = "1,2";
				TEST_HOST = "$(BUILT_PRODUCTS_DIR)/Feedbackanator.app/Feedbackanator";
			};
			name = Debug;
		};
		0AD77878202A6A7300F5CC54 /* Release */ = {
			isa = XCBuildConfiguration;
			buildSettings = {
				ALWAYS_EMBED_SWIFT_STANDARD_LIBRARIES = YES;
				BUNDLE_LOADER = "$(TEST_HOST)";
				CODE_SIGN_STYLE = Automatic;
				DEVELOPMENT_TEAM = S7BT87895F;
				INFOPLIST_FILE = FeedbackanatorTests/Info.plist;
				LD_RUNPATH_SEARCH_PATHS = "$(inherited) @executable_path/Frameworks @loader_path/Frameworks";
				PRODUCT_BUNDLE_IDENTIFIER = com.sideapps.FeedbackanatorTests;
				PRODUCT_NAME = "$(TARGET_NAME)";
				SWIFT_VERSION = 4.0;
				TARGETED_DEVICE_FAMILY = "1,2";
				TEST_HOST = "$(BUILT_PRODUCTS_DIR)/Feedbackanator.app/Feedbackanator";
			};
			name = Release;
		};
		0AD7787A202A6A7300F5CC54 /* Debug */ = {
			isa = XCBuildConfiguration;
			buildSettings = {
				ALWAYS_EMBED_SWIFT_STANDARD_LIBRARIES = YES;
				CODE_SIGN_STYLE = Automatic;
				DEVELOPMENT_TEAM = S7BT87895F;
				INFOPLIST_FILE = FeedbackanatorUITests/Info.plist;
				LD_RUNPATH_SEARCH_PATHS = "$(inherited) @executable_path/Frameworks @loader_path/Frameworks";
				PRODUCT_BUNDLE_IDENTIFIER = com.sideapps.FeedbackanatorUITests;
				PRODUCT_NAME = "$(TARGET_NAME)";
				SWIFT_VERSION = 4.0;
				TARGETED_DEVICE_FAMILY = "1,2";
				TEST_TARGET_NAME = Feedbackanator;
			};
			name = Debug;
		};
		0AD7787B202A6A7300F5CC54 /* Release */ = {
			isa = XCBuildConfiguration;
			buildSettings = {
				ALWAYS_EMBED_SWIFT_STANDARD_LIBRARIES = YES;
				CODE_SIGN_STYLE = Automatic;
				DEVELOPMENT_TEAM = S7BT87895F;
				INFOPLIST_FILE = FeedbackanatorUITests/Info.plist;
				LD_RUNPATH_SEARCH_PATHS = "$(inherited) @executable_path/Frameworks @loader_path/Frameworks";
				PRODUCT_BUNDLE_IDENTIFIER = com.sideapps.FeedbackanatorUITests;
				PRODUCT_NAME = "$(TARGET_NAME)";
				SWIFT_VERSION = 4.0;
				TARGETED_DEVICE_FAMILY = "1,2";
				TEST_TARGET_NAME = Feedbackanator;
			};
			name = Release;
		};
/* End XCBuildConfiguration section */

/* Begin XCConfigurationList section */
		0AD77846202A6A7200F5CC54 /* Build configuration list for PBXProject "Feedbackanator" */ = {
			isa = XCConfigurationList;
			buildConfigurations = (
				0AD77871202A6A7300F5CC54 /* Debug */,
				0AD77872202A6A7300F5CC54 /* Release */,
			);
			defaultConfigurationIsVisible = 0;
			defaultConfigurationName = Release;
		};
		0AD77873202A6A7300F5CC54 /* Build configuration list for PBXNativeTarget "Feedbackanator" */ = {
			isa = XCConfigurationList;
			buildConfigurations = (
				0AD77874202A6A7300F5CC54 /* Debug */,
				0AD77875202A6A7300F5CC54 /* Release */,
			);
			defaultConfigurationIsVisible = 0;
			defaultConfigurationName = Release;
		};
		0AD77876202A6A7300F5CC54 /* Build configuration list for PBXNativeTarget "FeedbackanatorTests" */ = {
			isa = XCConfigurationList;
			buildConfigurations = (
				0AD77877202A6A7300F5CC54 /* Debug */,
				0AD77878202A6A7300F5CC54 /* Release */,
			);
			defaultConfigurationIsVisible = 0;
			defaultConfigurationName = Release;
		};
		0AD77879202A6A7300F5CC54 /* Build configuration list for PBXNativeTarget "FeedbackanatorUITests" */ = {
			isa = XCConfigurationList;
			buildConfigurations = (
				0AD7787A202A6A7300F5CC54 /* Debug */,
				0AD7787B202A6A7300F5CC54 /* Release */,
			);
			defaultConfigurationIsVisible = 0;
			defaultConfigurationName = Release;
		};
/* End XCConfigurationList section */
	};
	rootObject = 0AD77843202A6A7200F5CC54 /* Project object */;
}
